PODS:
  - Alamofire (4.6.0)
  - CocoaSecurity (1.2.4)
  - Crashlytics (3.10.7):
    - Fabric (~> 1.7.11)
  - EVReflection/Alamofire (5.4.5):
    - Alamofire
    - EVReflection/Core
  - EVReflection/Core (5.4.5)
  - Fabric (1.7.11)
  - Firebase/Core (4.7.0):
    - FirebaseAnalytics (= 4.0.5)
    - FirebaseCore (= 4.0.12)
  - Firebase/Messaging (4.7.0):
    - Firebase/Core
    - FirebaseMessaging (= 2.0.7)
  - FirebaseAnalytics (4.0.5):
    - FirebaseCore (~> 4.0)
    - FirebaseInstanceID (~> 2.0)
    - "GoogleToolboxForMac/NSData+zlib (~> 2.1)"
    - nanopb (~> 0.3)
  - FirebaseCore (4.0.12):
    - "GoogleToolboxForMac/NSData+zlib (~> 2.1)"
  - FirebaseInstanceID (2.0.10):
    - FirebaseCore (~> 4.0)
  - FirebaseMessaging (2.0.7):
    - FirebaseAnalytics (~> 4.0)
    - FirebaseCore (~> 4.0)
    - FirebaseInstanceID (~> 2.0)
    - GoogleToolboxForMac/Logger (~> 2.1)
    - Protobuf (~> 3.1)
  - GoogleToolboxForMac/Defines (2.1.4)
  - GoogleToolboxForMac/Logger (2.1.4):
    - GoogleToolboxForMac/Defines (= 2.1.4)
  - "GoogleToolboxForMac/NSData+zlib (2.1.4)":
    - GoogleToolboxForMac/Defines (= 2.1.4)
  - IQKeyboardManagerSwift (5.0.8)
  - nanopb (0.3.8):
    - nanopb/decode (= 0.3.8)
    - nanopb/encode (= 0.3.8)
  - nanopb/decode (0.3.8)
  - nanopb/encode (0.3.8)
  - NVActivityIndicatorView (4.1.1):
    - NVActivityIndicatorView/Presenter (= 4.1.1)
  - NVActivityIndicatorView/Presenter (4.1.1)
  - OCThumbor (0.3.1):
    - CocoaSecurity (~> 1.2)
  - Protobuf (3.6.1)
  - R.swift (4.0.0):
    - R.swift.Library (~> 4.0.0)
  - R.swift.Library (4.0.0)
  - SDWebImage (4.2.3):
    - SDWebImage/Core (= 4.2.3)
  - SDWebImage/Core (4.2.3)
  - SKPhotoBrowser (5.0.9)
  - SSPullToRefresh (1.2.4-r1)
  - SwiftLint (0.27.0)

DEPENDENCIES:
  - Alamofire (~> 4.6.0)
  - Crashlytics (~> 3.10.1)
  - EVReflection/Alamofire (~> 5.4.0)
  - Firebase/Core (~> 4.7.0)
  - Firebase/Messaging (~> 4.7.0)
  - IQKeyboardManagerSwift (~> 5.0.0)
  - NVActivityIndicatorView (~> 4.1.0)
  - OCThumbor (~> 0.3)
  - R.swift (~> 4.0.0)
  - SDWebImage (~> 4.2.2)
  - SKPhotoBrowser (~> 5.0.3)
  - SSPullToRefresh (from `https://repo.eoffice1.com/cocoa/sspulltorefresh.git`, tag `v1.2.4-r1`)
  - SwiftLint (~> 0.27.0)

SPEC REPOS:
  https://github.com/cocoapods/specs.git:
    - Alamofire
    - CocoaSecurity
    - Crashlytics
    - EVReflection
    - Fabric
    - Firebase
    - FirebaseAnalytics
    - FirebaseCore
    - FirebaseInstanceID
    - FirebaseMessaging
    - GoogleToolboxForMac
    - IQKeyboardManagerSwift
    - nanopb
    - NVActivityIndicatorView
    - OCThumbor
    - Protobuf
    - R.swift
    - R.swift.Library
    - SDWebImage
    - SKPhotoBrowser
    - SwiftLint

EXTERNAL SOURCES:
  SSPullToRefresh:
    :git: https://repo.eoffice1.com/cocoa/sspulltorefresh.git
    :tag: v1.2.4-r1

CHECKOUT OPTIONS:
  SSPullToRefresh:
    :git: https://repo.eoffice1.com/cocoa/sspulltorefresh.git
    :tag: v1.2.4-r1

SPEC CHECKSUMS:
  Alamofire: f41a599bd63041760b26d393ec1069d9d7b917f4
  CocoaSecurity: d288a6f87e0f363823d2cb83e753814a6944f71a
  Crashlytics: ccaac42660eb9351b9960c0d66106b0bcf99f4fa
  EVReflection: f3205ee16ca5dae19f3aa2b0bda51b7c2dbf2a16
  Fabric: f233c9492b3bbc1f04e3882986740f7988a58edb
  Firebase: dbfb98ccec2dcfcd21ab9cc1b4981a3f3c8c5e26
  FirebaseAnalytics: 5b02a63ead2c3f0259cfc7f15e053e440587ecf8
  FirebaseCore: 6cf108b63997bc08c04a1ffa55a3ac0d71a59ffc
  FirebaseInstanceID: 8d20d890d65c917f9f7d9950b6e10a760ad34321
  FirebaseMessaging: 1a11d1c0a9ed9b3f75a0685bb0ae5932e1062f5f
  GoogleToolboxForMac: 91c824d21e85b31c2aae9bb011c5027c9b4e738f
  IQKeyboardManagerSwift: 2e7dc7f98c111458c1ea2b373f893e8cf95e2b97
  nanopb: 5601e6bca2dbf1ed831b519092ec110f66982ca3
  NVActivityIndicatorView: 60109b9bf46efc2e71ab81453196ccdfdfeea870
  OCThumbor: 60b83bb204b7f860aecf515ed183a198f30c6f43
  Protobuf: 1eb9700044745f00181c136ef21b8ff3ad5a0fd5
  R.swift: d6a5ec2f55a8441dc0ed9f1f8b37d7d11ae85c66
  R.swift.Library: c3af34921024333546e23b70e70d0b4e0cffca75
  SDWebImage: 791bb72962b3492327ddcac4b1880bd1b5458431
  SKPhotoBrowser: 668c29bdd9d4d276026fc131c55e96d902c2463c
  SSPullToRefresh: e8f40460feb53179b2b7252105a4583a10b56b64
  SwiftLint: 3207c1faa2240bf8973b191820a116113cd11073

PODFILE CHECKSUM: 5dc17ab72dc54f05545d860f897f0f308adbe118

COCOAPODS: 1.5.3
